
Microsoft Visual Studio Solution File, Format Version 12.00
Project("{FAE04EC0-301F-11D3-BF4B-00C04F79EFBC}") = "AutoVersionTask", "AutoVersionTask\AutoVersionTask.csproj", "{E0713D8A-DDA5-40A3-8506-9E05E373B669}"
EndProject
Project("{FAE04EC0-301F-11D3-BF4B-00C04F79EFBC}") = "AutoVersionTask.Test", "AutoVersionTask.Test\AutoVersionTask.Test.csproj", "{CBF7625C-5E27-4C4B-BC34-1AE6AF6CBBED}"
EndProject
Global
	GlobalSection(SolutionConfigurationPlatforms) = preSolution
		Debug|Any CPU = Debug|Any CPU
	EndGlobalSection
	GlobalSection(ProjectConfigurationPlatforms) = postSolution
		{E0713D8A-DDA5-40A3-8506-9E05E373B669}.Debug|Any CPU.ActiveCfg = Debug|Any CPU
		{E0713D8A-DDA5-40A3-8506-9E05E373B669}.Debug|Any CPU.Build.0 = Debug|Any CPU
		{CBF7625C-5E27-4C4B-BC34-1AE6AF6CBBED}.Debug|Any CPU.ActiveCfg = Debug|Any CPU
		{CBF7625C-5E27-4C4B-BC34-1AE6AF6CBBED}.Debug|Any CPU.Build.0 = Debug|Any CPU
	EndGlobalSection
EndGlobal
